
Microsoft Visual Studio Solution File, Format Version 12.00
# Visual Studio Version 16
VisualStudioVersion = 16.0.31515.178
MinimumVisualStudioVersion = 10.0.40219.1
Project("{FAE04EC0-301F-11D3-BF4B-00C04F79EFBC}") = "MyDictionary", "MyDictionary\MyDictionary.csproj", "{1760F964-7BAD-48D6-AF65-C89180186C52}"
EndProject
Global
	GlobalSection(SolutionConfigurationPlatforms) = preSolution
		Debug|Any CPU = Debug|Any CPU
		Release|Any CPU = Release|Any CPU
	EndGlobalSection
	GlobalSection(ProjectConfigurationPlatforms) = postSolution
		{1760F964-7BAD-48D6-AF65-C89180186C52}.Debug|Any CPU.ActiveCfg = Debug|Any CPU
		{1760F964-7BAD-48D6-AF65-C89180186C52}.Debug|Any CPU.Build.0 = Debug|Any CPU
		{1760F964-7BAD-48D6-AF65-C89180186C52}.Release|Any CPU.ActiveCfg = Release|Any CPU
		{1760F964-7BAD-48D6-AF65-C89180186C52}.Release|Any CPU.Build.0 = Release|Any CPU
	EndGlobalSection
	GlobalSection(SolutionProperties) = preSolution
		HideSolutionNode = FALSE
	EndGlobalSection
	GlobalSection(ExtensibilityGlobals) = postSolution
		SolutionGuid = {63B7033A-125B-4FB4-AFD4-67F538CE85A6}
	EndGlobalSection
EndGlobal
